
Microsoft Visual Studio Solution File, Format Version 12.00
# Visual Studio Version 17
VisualStudioVersion = 17.0.31903.59
MinimumVisualStudioVersion = 10.0.40219.1
Project("{2150E333-8FDC-42A3-9474-1A3956D46DE8}") = "src", "src", "{827E0CD3-B72D-47B6-A68D-7590B98EB39B}"
EndProject
Project("{FAE04EC0-301F-11D3-BF4B-00C04F79EFBC}") = "BinkyLabs.OpenApi.Overlays", "src\BinkyLabs.OpenApi.Overlays.csproj", "{B7DD3C6F-D7E3-408D-884D-D3064FCBFFA6}"
EndProject
Project("{2150E333-8FDC-42A3-9474-1A3956D46DE8}") = "tests", "tests", "{0AB3BF05-4346-4AA6-1389-037BE0695223}"
EndProject
Project("{FAE04EC0-301F-11D3-BF4B-00C04F79EFBC}") = "BinkyLabs.OpenApi.Overlays.Tests", "tests\BinkyLabs.OpenApi.Overlays.Tests.csproj", "{11760C61-3CCF-42BB-8B28-513A8511D98E}"
EndProject
Global
	GlobalSection(SolutionConfigurationPlatforms) = preSolution
		Debug|Any CPU = Debug|Any CPU
		Debug|x64 = Debug|x64
		Debug|x86 = Debug|x86
		Release|Any CPU = Release|Any CPU
		Release|x64 = Release|x64
		Release|x86 = Release|x86
	EndGlobalSection
	GlobalSection(ProjectConfigurationPlatforms) = postSolution
		{B7DD3C6F-D7E3-408D-884D-D3064FCBFFA6}.Debug|Any CPU.ActiveCfg = Debug|Any CPU
		{B7DD3C6F-D7E3-408D-884D-D3064FCBFFA6}.Debug|Any CPU.Build.0 = Debug|Any CPU
		{B7DD3C6F-D7E3-408D-884D-D3064FCBFFA6}.Debug|x64.ActiveCfg = Debug|Any CPU
		{B7DD3C6F-D7E3-408D-884D-D3064FCBFFA6}.Debug|x64.Build.0 = Debug|Any CPU
		{B7DD3C6F-D7E3-408D-884D-D3064FCBFFA6}.Debug|x86.ActiveCfg = Debug|Any CPU
		{B7DD3C6F-D7E3-408D-884D-D3064FCBFFA6}.Debug|x86.Build.0 = Debug|Any CPU
		{B7DD3C6F-D7E3-408D-884D-D3064FCBFFA6}.Release|Any CPU.ActiveCfg = Release|Any CPU
		{B7DD3C6F-D7E3-408D-884D-D3064FCBFFA6}.Release|Any CPU.Build.0 = Release|Any CPU
		{B7DD3C6F-D7E3-408D-884D-D3064FCBFFA6}.Release|x64.ActiveCfg = Release|Any CPU
		{B7DD3C6F-D7E3-408D-884D-D3064FCBFFA6}.Release|x64.Build.0 = Release|Any CPU
		{B7DD3C6F-D7E3-408D-884D-D3064FCBFFA6}.Release|x86.ActiveCfg = Release|Any CPU
		{B7DD3C6F-D7E3-408D-884D-D3064FCBFFA6}.Release|x86.Build.0 = Release|Any CPU
		{11760C61-3CCF-42BB-8B28-513A8511D98E}.Debug|Any CPU.ActiveCfg = Debug|Any CPU
		{11760C61-3CCF-42BB-8B28-513A8511D98E}.Debug|Any CPU.Build.0 = Debug|Any CPU
		{11760C61-3CCF-42BB-8B28-513A8511D98E}.Debug|x64.ActiveCfg = Debug|Any CPU
		{11760C61-3CCF-42BB-8B28-513A8511D98E}.Debug|x64.Build.0 = Debug|Any CPU
		{11760C61-3CCF-42BB-8B28-513A8511D98E}.Debug|x86.ActiveCfg = Debug|Any CPU
		{11760C61-3CCF-42BB-8B28-513A8511D98E}.Debug|x86.Build.0 = Debug|Any CPU
		{11760C61-3CCF-42BB-8B28-513A8511D98E}.Release|Any CPU.ActiveCfg = Release|Any CPU
		{11760C61-3CCF-42BB-8B28-513A8511D98E}.Release|Any CPU.Build.0 = Release|Any CPU
		{11760C61-3CCF-42BB-8B28-513A8511D98E}.Release|x64.ActiveCfg = Release|Any CPU
		{11760C61-3CCF-42BB-8B28-513A8511D98E}.Release|x64.Build.0 = Release|Any CPU
		{11760C61-3CCF-42BB-8B28-513A8511D98E}.Release|x86.ActiveCfg = Release|Any CPU
		{11760C61-3CCF-42BB-8B28-513A8511D98E}.Release|x86.Build.0 = Release|Any CPU
	EndGlobalSection
	GlobalSection(SolutionProperties) = preSolution
		HideSolutionNode = FALSE
	EndGlobalSection
	GlobalSection(NestedProjects) = preSolution
		{B7DD3C6F-D7E3-408D-884D-D3064FCBFFA6} = {827E0CD3-B72D-47B6-A68D-7590B98EB39B}
		{11760C61-3CCF-42BB-8B28-513A8511D98E} = {0AB3BF05-4346-4AA6-1389-037BE0695223}
	EndGlobalSection
EndGlobal
